Microsoft Visual Studio Solution File, Format Version 12.00
# Visual Studio Version 17
VisualStudioVersion = 17.5.2.0
MinimumVisualStudioVersion = 10.0.40219.1
Project("{2150E333-8FDC-42A3-9474-1A3956D46DE8}") = "crm", "crm", "{6C04245A-EBAD-5A33-2982-8A909F7FF904}"
EndProject
Project("{2150E333-8FDC-42A3-9474-1A3956D46DE8}") = "financial-management", "financial-management", "{6ACB09C1-DAE3-9745-136B-43F8D13FC074}"
EndProject
Project("{2150E333-8FDC-42A3-9474-1A3956D46DE8}") = "inventory-management", "inventory-management", "{06DF5006-E18B-5638-E893-69B85DD9B31E}"
EndProject
Project("{2150E333-8FDC-42A3-9474-1A3956D46DE8}") = "parts-management", "parts-management", "{8C3FA18D-0C48-0795-8735-140BBDC6D858}"
EndProject
Project("{2150E333-8FDC-42A3-9474-1A3956D46DE8}") = "sales-management", "sales-management", "{C1CFC6D1-9D42-0879-5E66-8B041F6C8436}"
EndProject
Project("{2150E333-8FDC-42A3-9474-1A3956D46DE8}") = "shared", "shared", "{4F52FD11-658E-A102-6CD3-7D7C16FFA15B}"
EndProject
Project("{2150E333-8FDC-42A3-9474-1A3956D46DE8}") = "src", "src", "{A995781C-7400-DE7E-E825-7092605F8AA4}"
EndProject
Project("{FAE04EC0-301F-11D3-BF4B-00C04F79EFBC}") = "DMS.CRM.API", "crm\src\DMS.CRM.API\DMS.CRM.API.csproj", "{0AF8C3A8-D6FD-D25E-90FB-D539EB7AFDF2}"
EndProject
Project("{FAE04EC0-301F-11D3-BF4B-00C04F79EFBC}") = "DMS.CRM.Core", "crm\src\DMS.CRM.Core\DMS.CRM.Core.csproj", "{786B389E-B7DF-C12A-8AC1-42F4D1C500CC}"
EndProject
Project("{FAE04EC0-301F-11D3-BF4B-00C04F79EFBC}") = "DMS.CRM.Infrastructure", "crm\src\DMS.CRM.Infrastructure\DMS.CRM.Infrastructure.csproj", "{969BCB92-BE6E-D29A-9CFC-A31078BD5021}"
EndProject
Project("{2150E333-8FDC-42A3-9474-1A3956D46DE8}") = "tests", "tests", "{4084F910-7938-E351-4E42-3EA3EE27C19D}"
EndProject
Project("{FAE04EC0-301F-11D3-BF4B-00C04F79EFBC}") = "DMS.CRM.API.Tests", "crm\tests\DMS.CRM.API.Tests\DMS.CRM.API.Tests.csproj", "{E309BD54-DDA3-EBD1-E399-09307DA3CE53}"
EndProject
Project("{2150E333-8FDC-42A3-9474-1A3956D46DE8}") = "src", "src", "{48D0F52D-7ED2-86E8-F2F1-077E94C764F8}"
EndProject
Project("{FAE04EC0-301F-11D3-BF4B-00C04F79EFBC}") = "DMS.FinancialManagement.API", "financial-management\src\DMS.FinancialManagement.API\DMS.FinancialManagement.API.csproj", "{FB3D5314-EA13-99A3-8C61-6E89310BE919}"
EndProject
Project("{FAE04EC0-301F-11D3-BF4B-00C04F79EFBC}") = "DMS.FinancialManagement.Core", "financial-management\src\DMS.FinancialManagement.Core\DMS.FinancialManagement.Core.csproj", "{F66220EF-0FC1-3A6D-C541-9469726B345C}"
EndProject
Project("{FAE04EC0-301F-11D3-BF4B-00C04F79EFBC}") = "DMS.FinancialManagement.Infrastructure", "financial-management\src\DMS.FinancialManagement.Infrastructure\DMS.FinancialManagement.Infrastructure.csproj", "{8B76BA72-5ACA-7AB0-C48F-B7ADA94B95FE}"
EndProject
Project("{2150E333-8FDC-42A3-9474-1A3956D46DE8}") = "src", "src", "{77B42D5C-FEF4-FE6B-9378-AD005E442B36}"
EndProject
Project("{FAE04EC0-301F-11D3-BF4B-00C04F79EFBC}") = "DMS.InventoryManagement.API", "inventory-management\src\DMS.InventoryManagement.API\DMS.InventoryManagement.API.csproj", "{EE75EDD7-C3BB-553F-A817-35C05D7C057A}"
EndProject
Project("{FAE04EC0-301F-11D3-BF4B-00C04F79EFBC}") = "DMS.InventoryManagement.Core", "inventory-management\src\DMS.InventoryManagement.Core\DMS.InventoryManagement.Core.csproj", "{5B60A406-872F-04B8-D76D-D7E5CFB97CB1}"
EndProject
Project("{FAE04EC0-301F-11D3-BF4B-00C04F79EFBC}") = "DMS.InventoryManagement.Infrastructure", "inventory-management\src\DMS.InventoryManagement.Infrastructure\DMS.InventoryManagement.Infrastructure.csproj", "{E260A829-1390-E552-3054-7C88FA57A761}"
EndProject
Project("{2150E333-8FDC-42A3-9474-1A3956D46DE8}") = "src", "src", "{ACB61775-CC0B-5F74-A93D-A97E75CFA53D}"
EndProject
Project("{FAE04EC0-301F-11D3-BF4B-00C04F79EFBC}") = "DMS.PartsManagement.API", "parts-management\src\DMS.PartsManagement.API\DMS.PartsManagement.API.csproj", "{F1A2C968-3639-F85D-77FC-36A1C8866FBC}"
EndProject
Project("{FAE04EC0-301F-11D3-BF4B-00C04F79EFBC}") = "DMS.PartsManagement.Core", "parts-management\src\DMS.PartsManagement.Core\DMS.PartsManagement.Core.csproj", "{0E0EA33C-AE94-7906-1CC4-88812B16CFAB}"
EndProject
Project("{FAE04EC0-301F-11D3-BF4B-00C04F79EFBC}") = "DMS.PartsManagement.Infrastructure", "parts-management\src\DMS.PartsManagement.Infrastructure\DMS.PartsManagement.Infrastructure.csproj", "{4543EC23-2C81-2FB3-A05B-28EE97B5F85F}"
EndProject
Project("{2150E333-8FDC-42A3-9474-1A3956D46DE8}") = "src", "src", "{00C1AF5E-4E89-4EB3-6507-71D95112A7E9}"
EndProject
Project("{FAE04EC0-301F-11D3-BF4B-00C04F79EFBC}") = "DMS.SalesManagement.API", "sales-management\src\DMS.SalesManagement.API\DMS.SalesManagement.API.csproj", "{0C69CCEE-6EDF-59D6-AA6F-1EE36FABAB64}"
EndProject
Project("{FAE04EC0-301F-11D3-BF4B-00C04F79EFBC}") = "DMS.SalesManagement.Core", "sales-management\src\DMS.SalesManagement.Core\DMS.SalesManagement.Core.csproj", "{C4D1A547-5B13-666F-B071-5E65D4E4AA5E}"
EndProject
Project("{FAE04EC0-301F-11D3-BF4B-00C04F79EFBC}") = "DMS.SalesManagement.Infrastructure", "sales-management\src\DMS.SalesManagement.Infrastructure\DMS.SalesManagement.Infrastructure.csproj", "{0339132D-A3AA-0388-AB24-04C5B7DEFAAF}"
EndProject
Project("{2150E333-8FDC-42A3-9474-1A3956D46DE8}") = "tests", "tests", "{138095C1-CC79-70EF-42F8-F90357334E5F}"
EndProject
Project("{FAE04EC0-301F-11D3-BF4B-00C04F79EFBC}") = "DMS.SalesManagement.Core.Tests", "sales-management\tests\DMS.SalesManagement.Core.Tests\DMS.SalesManagement.Core.Tests.csproj", "{07FD532D-65E6-F1F1-3FC5-164D036F0B1C}"
EndProject
Project("{2150E333-8FDC-42A3-9474-1A3956D46DE8}") = "core", "core", "{F902D095-F489-EACC-C3C6-8EACB25DE9EC}"
EndProject
Project("{FAE04EC0-301F-11D3-BF4B-00C04F79EFBC}") = "DMS.Shared.Core", "shared\core\src\DMS.Shared.Core.csproj", "{DCC4E422-98C8-5A9D-2B5A-615B1DAB5BB4}"
EndProject
Project("{2150E333-8FDC-42A3-9474-1A3956D46DE8}") = "data", "data", "{4A26B1D9-CA38-B6B2-DE90-73BAC7799B9A}"
EndProject
Project("{FAE04EC0-301F-11D3-BF4B-00C04F79EFBC}") = "DMS.Shared.Data", "shared\data\src\DMS.Shared.Data.csproj", "{CD22AB14-487A-5909-5FE4-BF4093E92876}"
EndProject
Project("{2150E333-8FDC-42A3-9474-1A3956D46DE8}") = "user-management", "user-management", "{E7F5A33C-4568-4A23-9876-1234567890AB}"
EndProject
Project("{2150E333-8FDC-42A3-9474-1A3956D46DE8}") = "src", "src", "{F8E6B22D-3457-4B34-A987-ABCDEF123456}"
EndProject
Project("{FAE04EC0-301F-11D3-BF4B-00C04F79EFBC}") = "DMS.UserManagement.API", "user-management\src\DMS.UserManagement.API\DMS.UserManagement.API.csproj", "{A1B2C3D4-E5F6-4789-ABCD-EF1234567890}"
EndProject
Project("{FAE04EC0-301F-11D3-BF4B-00C04F79EFBC}") = "DMS.UserManagement.Core", "user-management\src\DMS.UserManagement.Core\DMS.UserManagement.Core.csproj", "{B2C3D4E5-F6A7-4890-BCDE-F12345678901}"
EndProject
Project("{FAE04EC0-301F-11D3-BF4B-00C04F79EFBC}") = "DMS.UserManagement.Infrastructure", "user-management\src\DMS.UserManagement.Infrastructure\DMS.UserManagement.Infrastructure.csproj", "{C3D4E5F6-A7B8-4901-CDEF-123456789012}"
EndProject
Global
	GlobalSection(SolutionConfigurationPlatforms) = preSolution
		Debug|Any CPU = Debug|Any CPU
		Release|Any CPU = Release|Any CPU
	EndGlobalSection
	GlobalSection(ProjectConfigurationPlatforms) = postSolution
		{0AF8C3A8-D6FD-D25E-90FB-D539EB7AFDF2}.Debug|Any CPU.ActiveCfg = Debug|Any CPU
		{0AF8C3A8-D6FD-D25E-90FB-D539EB7AFDF2}.Debug|Any CPU.Build.0 = Debug|Any CPU
		{0AF8C3A8-D6FD-D25E-90FB-D539EB7AFDF2}.Release|Any CPU.ActiveCfg = Release|Any CPU
		{0AF8C3A8-D6FD-D25E-90FB-D539EB7AFDF2}.Release|Any CPU.Build.0 = Release|Any CPU
		{786B389E-B7DF-C12A-8AC1-42F4D1C500CC}.Debug|Any CPU.ActiveCfg = Debug|Any CPU
		{786B389E-B7DF-C12A-8AC1-42F4D1C500CC}.Debug|Any CPU.Build.0 = Debug|Any CPU
		{786B389E-B7DF-C12A-8AC1-42F4D1C500CC}.Release|Any CPU.ActiveCfg = Release|Any CPU
		{786B389E-B7DF-C12A-8AC1-42F4D1C500CC}.Release|Any CPU.Build.0 = Release|Any CPU
		{969BCB92-BE6E-D29A-9CFC-A31078BD5021}.Debug|Any CPU.ActiveCfg = Debug|Any CPU
		{969BCB92-BE6E-D29A-9CFC-A31078BD5021}.Debug|Any CPU.Build.0 = Debug|Any CPU
		{969BCB92-BE6E-D29A-9CFC-A31078BD5021}.Release|Any CPU.ActiveCfg = Release|Any CPU
		{969BCB92-BE6E-D29A-9CFC-A31078BD5021}.Release|Any CPU.Build.0 = Release|Any CPU
		{E309BD54-DDA3-EBD1-E399-09307DA3CE53}.Debug|Any CPU.ActiveCfg = Debug|Any CPU
		{E309BD54-DDA3-EBD1-E399-09307DA3CE53}.Debug|Any CPU.Build.0 = Debug|Any CPU
		{E309BD54-DDA3-EBD1-E399-09307DA3CE53}.Release|Any CPU.ActiveCfg = Release|Any CPU
		{E309BD54-DDA3-EBD1-E399-09307DA3CE53}.Release|Any CPU.Build.0 = Release|Any CPU
		{FB3D5314-EA13-99A3-8C61-6E89310BE919}.Debug|Any CPU.ActiveCfg = Debug|Any CPU
		{FB3D5314-EA13-99A3-8C61-6E89310BE919}.Debug|Any CPU.Build.0 = Debug|Any CPU
		{FB3D5314-EA13-99A3-8C61-6E89310BE919}.Release|Any CPU.ActiveCfg = Release|Any CPU
		{FB3D5314-EA13-99A3-8C61-6E89310BE919}.Release|Any CPU.Build.0 = Release|Any CPU
		{F66220EF-0FC1-3A6D-C541-9469726B345C}.Debug|Any CPU.ActiveCfg = Debug|Any CPU
		{F66220EF-0FC1-3A6D-C541-9469726B345C}.Debug|Any CPU.Build.0 = Debug|Any CPU
		{F66220EF-0FC1-3A6D-C541-9469726B345C}.Release|Any CPU.ActiveCfg = Release|Any CPU
		{F66220EF-0FC1-3A6D-C541-9469726B345C}.Release|Any CPU.Build.0 = Release|Any CPU
		{8B76BA72-5ACA-7AB0-C48F-B7ADA94B95FE}.Debug|Any CPU.ActiveCfg = Debug|Any CPU
		{8B76BA72-5ACA-7AB0-C48F-B7ADA94B95FE}.Debug|Any CPU.Build.0 = Debug|Any CPU
		{8B76BA72-5ACA-7AB0-C48F-B7ADA94B95FE}.Release|Any CPU.ActiveCfg = Release|Any CPU
		{8B76BA72-5ACA-7AB0-C48F-B7ADA94B95FE}.Release|Any CPU.Build.0 = Release|Any CPU
		{EE75EDD7-C3BB-553F-A817-35C05D7C057A}.Debug|Any CPU.ActiveCfg = Debug|Any CPU
		{EE75EDD7-C3BB-553F-A817-35C05D7C057A}.Debug|Any CPU.Build.0 = Debug|Any CPU
		{EE75EDD7-C3BB-553F-A817-35C05D7C057A}.Release|Any CPU.ActiveCfg = Release|Any CPU
		{EE75EDD7-C3BB-553F-A817-35C05D7C057A}.Release|Any CPU.Build.0 = Release|Any CPU
		{5B60A406-872F-04B8-D76D-D7E5CFB97CB1}.Debug|Any CPU.ActiveCfg = Debug|Any CPU
		{5B60A406-872F-04B8-D76D-D7E5CFB97CB1}.Debug|Any CPU.Build.0 = Debug|Any CPU
		{5B60A406-872F-04B8-D76D-D7E5CFB97CB1}.Release|Any CPU.ActiveCfg = Release|Any CPU
		{5B60A406-872F-04B8-D76D-D7E5CFB97CB1}.Release|Any CPU.Build.0 = Release|Any CPU
		{E260A829-1390-E552-3054-7C88FA57A761}.Debug|Any CPU.ActiveCfg = Debug|Any CPU
		{E260A829-1390-E552-3054-7C88FA57A761}.Debug|Any CPU.Build.0 = Debug|Any CPU
		{E260A829-1390-E552-3054-7C88FA57A761}.Release|Any CPU.ActiveCfg = Release|Any CPU
		{E260A829-1390-E552-3054-7C88FA57A761}.Release|Any CPU.Build.0 = Release|Any CPU
		{F1A2C968-3639-F85D-77FC-36A1C8866FBC}.Debug|Any CPU.ActiveCfg = Debug|Any CPU
		{F1A2C968-3639-F85D-77FC-36A1C8866FBC}.Debug|Any CPU.Build.0 = Debug|Any CPU
		{F1A2C968-3639-F85D-77FC-36A1C8866FBC}.Release|Any CPU.ActiveCfg = Release|Any CPU
		{F1A2C968-3639-F85D-77FC-36A1C8866FBC}.Release|Any CPU.Build.0 = Release|Any CPU
		{0E0EA33C-AE94-7906-1CC4-88812B16CFAB}.Debug|Any CPU.ActiveCfg = Debug|Any CPU
		{0E0EA33C-AE94-7906-1CC4-88812B16CFAB}.Debug|Any CPU.Build.0 = Debug|Any CPU
		{0E0EA33C-AE94-7906-1CC4-88812B16CFAB}.Release|Any CPU.ActiveCfg = Release|Any CPU
		{0E0EA33C-AE94-7906-1CC4-88812B16CFAB}.Release|Any CPU.Build.0 = Release|Any CPU
		{4543EC23-2C81-2FB3-A05B-28EE97B5F85F}.Debug|Any CPU.ActiveCfg = Debug|Any CPU
		{4543EC23-2C81-2FB3-A05B-28EE97B5F85F}.Debug|Any CPU.Build.0 = Debug|Any CPU
		{4543EC23-2C81-2FB3-A05B-28EE97B5F85F}.Release|Any CPU.ActiveCfg = Release|Any CPU
		{4543EC23-2C81-2FB3-A05B-28EE97B5F85F}.Release|Any CPU.Build.0 = Release|Any CPU
		{0C69CCEE-6EDF-59D6-AA6F-1EE36FABAB64}.Debug|Any CPU.ActiveCfg = Debug|Any CPU
		{0C69CCEE-6EDF-59D6-AA6F-1EE36FABAB64}.Debug|Any CPU.Build.0 = Debug|Any CPU
		{0C69CCEE-6EDF-59D6-AA6F-1EE36FABAB64}.Release|Any CPU.ActiveCfg = Release|Any CPU
		{0C69CCEE-6EDF-59D6-AA6F-1EE36FABAB64}.Release|Any CPU.Build.0 = Release|Any CPU
		{C4D1A547-5B13-666F-B071-5E65D4E4AA5E}.Debug|Any CPU.ActiveCfg = Debug|Any CPU
		{C4D1A547-5B13-666F-B071-5E65D4E4AA5E}.Debug|Any CPU.Build.0 = Debug|Any CPU
		{C4D1A547-5B13-666F-B071-5E65D4E4AA5E}.Release|Any CPU.ActiveCfg = Release|Any CPU
		{C4D1A547-5B13-666F-B071-5E65D4E4AA5E}.Release|Any CPU.Build.0 = Release|Any CPU
		{0339132D-A3AA-0388-AB24-04C5B7DEFAAF}.Debug|Any CPU.ActiveCfg = Debug|Any CPU
		{0339132D-A3AA-0388-AB24-04C5B7DEFAAF}.Debug|Any CPU.Build.0 = Debug|Any CPU
		{0339132D-A3AA-0388-AB24-04C5B7DEFAAF}.Release|Any CPU.ActiveCfg = Release|Any CPU
		{0339132D-A3AA-0388-AB24-04C5B7DEFAAF}.Release|Any CPU.Build.0 = Release|Any CPU
		{07FD532D-65E6-F1F1-3FC5-164D036F0B1C}.Debug|Any CPU.ActiveCfg = Debug|Any CPU
		{07FD532D-65E6-F1F1-3FC5-164D036F0B1C}.Debug|Any CPU.Build.0 = Debug|Any CPU
		{07FD532D-65E6-F1F1-3FC5-164D036F0B1C}.Release|Any CPU.ActiveCfg = Release|Any CPU
		{07FD532D-65E6-F1F1-3FC5-164D036F0B1C}.Release|Any CPU.Build.0 = Release|Any CPU
		{DCC4E422-98C8-5A9D-2B5A-615B1DAB5BB4}.Debug|Any CPU.ActiveCfg = Debug|Any CPU
		{DCC4E422-98C8-5A9D-2B5A-615B1DAB5BB4}.Debug|Any CPU.Build.0 = Debug|Any CPU
		{DCC4E422-98C8-5A9D-2B5A-615B1DAB5BB4}.Release|Any CPU.ActiveCfg = Release|Any CPU
		{DCC4E422-98C8-5A9D-2B5A-615B1DAB5BB4}.Release|Any CPU.Build.0 = Release|Any CPU
		{CD22AB14-487A-5909-5FE4-BF4093E92876}.Debug|Any CPU.ActiveCfg = Debug|Any CPU
		{CD22AB14-487A-5909-5FE4-BF4093E92876}.Debug|Any CPU.Build.0 = Debug|Any CPU
		{CD22AB14-487A-5909-5FE4-BF4093E92876}.Release|Any CPU.ActiveCfg = Release|Any CPU
		{CD22AB14-487A-5909-5FE4-BF4093E92876}.Release|Any CPU.Build.0 = Release|Any CPU
		{A1B2C3D4-E5F6-4789-ABCD-EF1234567890}.Debug|Any CPU.ActiveCfg = Debug|Any CPU
		{A1B2C3D4-E5F6-4789-ABCD-EF1234567890}.Debug|Any CPU.Build.0 = Debug|Any CPU
		{A1B2C3D4-E5F6-4789-ABCD-EF1234567890}.Release|Any CPU.ActiveCfg = Release|Any CPU
		{A1B2C3D4-E5F6-4789-ABCD-EF1234567890}.Release|Any CPU.Build.0 = Release|Any CPU
		{B2C3D4E5-F6A7-4890-BCDE-F12345678901}.Debug|Any CPU.ActiveCfg = Debug|Any CPU
		{B2C3D4E5-F6A7-4890-BCDE-F12345678901}.Debug|Any CPU.Build.0 = Debug|Any CPU
		{B2C3D4E5-F6A7-4890-BCDE-F12345678901}.Release|Any CPU.ActiveCfg = Release|Any CPU
		{B2C3D4E5-F6A7-4890-BCDE-F12345678901}.Release|Any CPU.Build.0 = Release|Any CPU
		{C3D4E5F6-A7B8-4901-CDEF-123456789012}.Debug|Any CPU.ActiveCfg = Debug|Any CPU
		{C3D4E5F6-A7B8-4901-CDEF-123456789012}.Debug|Any CPU.Build.0 = Debug|Any CPU
		{C3D4E5F6-A7B8-4901-CDEF-123456789012}.Release|Any CPU.ActiveCfg = Release|Any CPU
		{C3D4E5F6-A7B8-4901-CDEF-123456789012}.Release|Any CPU.Build.0 = Release|Any CPU
	EndGlobalSection
	GlobalSection(SolutionProperties) = preSolution
		HideSolutionNode = FALSE
	EndGlobalSection
	GlobalSection(NestedProjects) = preSolution
		{A995781C-7400-DE7E-E825-7092605F8AA4} = {6C04245A-EBAD-5A33-2982-8A909F7FF904}
		{0AF8C3A8-D6FD-D25E-90FB-D539EB7AFDF2} = {A995781C-7400-DE7E-E825-7092605F8AA4}
		{786B389E-B7DF-C12A-8AC1-42F4D1C500CC} = {A995781C-7400-DE7E-E825-7092605F8AA4}
		{969BCB92-BE6E-D29A-9CFC-A31078BD5021} = {A995781C-7400-DE7E-E825-7092605F8AA4}
		{4084F910-7938-E351-4E42-3EA3EE27C19D} = {6C04245A-EBAD-5A33-2982-8A909F7FF904}
		{E309BD54-DDA3-EBD1-E399-09307DA3CE53} = {4084F910-7938-E351-4E42-3EA3EE27C19D}
		{48D0F52D-7ED2-86E8-F2F1-077E94C764F8} = {6ACB09C1-DAE3-9745-136B-43F8D13FC074}
		{FB3D5314-EA13-99A3-8C61-6E89310BE919} = {48D0F52D-7ED2-86E8-F2F1-077E94C764F8}
		{F66220EF-0FC1-3A6D-C541-9469726B345C} = {48D0F52D-7ED2-86E8-F2F1-077E94C764F8}
		{8B76BA72-5ACA-7AB0-C48F-B7ADA94B95FE} = {48D0F52D-7ED2-86E8-F2F1-077E94C764F8}
		{77B42D5C-FEF4-FE6B-9378-AD005E442B36} = {06DF5006-E18B-5638-E893-69B85DD9B31E}
		{EE75EDD7-C3BB-553F-A817-35C05D7C057A} = {77B42D5C-FEF4-FE6B-9378-AD005E442B36}
		{5B60A406-872F-04B8-D76D-D7E5CFB97CB1} = {77B42D5C-FEF4-FE6B-9378-AD005E442B36}
		{E260A829-1390-E552-3054-7C88FA57A761} = {77B42D5C-FEF4-FE6B-9378-AD005E442B36}
		{ACB61775-CC0B-5F74-A93D-A97E75CFA53D} = {8C3FA18D-0C48-0795-8735-140BBDC6D858}
		{F1A2C968-3639-F85D-77FC-36A1C8866FBC} = {ACB61775-CC0B-5F74-A93D-A97E75CFA53D}
		{0E0EA33C-AE94-7906-1CC4-88812B16CFAB} = {ACB61775-CC0B-5F74-A93D-A97E75CFA53D}
		{4543EC23-2C81-2FB3-A05B-28EE97B5F85F} = {ACB61775-CC0B-5F74-A93D-A97E75CFA53D}
		{00C1AF5E-4E89-4EB3-6507-71D95112A7E9} = {C1CFC6D1-9D42-0879-5E66-8B041F6C8436}
		{0C69CCEE-6EDF-59D6-AA6F-1EE36FABAB64} = {00C1AF5E-4E89-4EB3-6507-71D95112A7E9}
		{C4D1A547-5B13-666F-B071-5E65D4E4AA5E} = {00C1AF5E-4E89-4EB3-6507-71D95112A7E9}
		{0339132D-A3AA-0388-AB24-04C5B7DEFAAF} = {00C1AF5E-4E89-4EB3-6507-71D95112A7E9}
		{138095C1-CC79-70EF-42F8-F90357334E5F} = {C1CFC6D1-9D42-0879-5E66-8B041F6C8436}
		{07FD532D-65E6-F1F1-3FC5-164D036F0B1C} = {138095C1-CC79-70EF-42F8-F90357334E5F}
		{F902D095-F489-EACC-C3C6-8EACB25DE9EC} = {4F52FD11-658E-A102-6CD3-7D7C16FFA15B}
		{DCC4E422-98C8-5A9D-2B5A-615B1DAB5BB4} = {F902D095-F489-EACC-C3C6-8EACB25DE9EC}
		{4A26B1D9-CA38-B6B2-DE90-73BAC7799B9A} = {4F52FD11-658E-A102-6CD3-7D7C16FFA15B}
		{CD22AB14-487A-5909-5FE4-BF4093E92876} = {4A26B1D9-CA38-B6B2-DE90-73BAC7799B9A}
		{F8E6B22D-3457-4B34-A987-ABCDEF123456} = {E7F5A33C-4568-4A23-9876-1234567890AB}
		{A1B2C3D4-E5F6-4789-ABCD-EF1234567890} = {F8E6B22D-3457-4B34-A987-ABCDEF123456}
		{B2C3D4E5-F6A7-4890-BCDE-F12345678901} = {F8E6B22D-3457-4B34-A987-ABCDEF123456}
		{C3D4E5F6-A7B8-4901-CDEF-123456789012} = {F8E6B22D-3457-4B34-A987-ABCDEF123456}
	EndGlobalSection
	GlobalSection(ExtensibilityGlobals) = postSolution
		SolutionGuid = {3EB1FF7C-2A4E-464F-A901-B777810585AA}
	EndGlobalSection
EndGlobal
